schema: '2.0'
stages:
  validate:
    cmd: python src/data_validation.py
    deps:
    - path: data/raw/reviews.csv
      hash: md5
      md5: 7429c521f7af5bd93e41d25ee58498a4
      size: 1782
  preprocess:
    cmd: python src/preprocessing.py
    deps:
    - path: data/raw/reviews.csv
      hash: md5
      md5: 7429c521f7af5bd93e41d25ee58498a4
      size: 1782
    outs:
    - path: data/processed/clean.csv
      hash: md5
      md5: 274c036688f974d8d16b08b732e8fd06
      size: 1779
  train:
    cmd: python src/train.py
    deps:
    - path: data/processed/clean.csv
      hash: md5
      md5: 274c036688f974d8d16b08b732e8fd06
      size: 1779
    outs:
    - path: models/model.pkl
      hash: md5
      md5: a3941ecfd31c954278674579e46b2850
      size: 6727
